
Microsoft Visual Studio Solution File, Format Version 12.00
# Visual Studio Version 17
VisualStudioVersion = 17.10.35013.160
MinimumVisualStudioVersion = 10.0.40219.1
Project("{9A19103F-16F7-4668-BE54-9A1E7A4F7556}") = "WeatherService", "WeatherService\WeatherService.csproj", "{E226E9DA-62DC-4A9A-AC6F-81D587D5107B}"
EndProject
Project("{FAE04EC0-301F-11D3-BF4B-00C04F79EFBC}") = "WeatherService.Test", "WeatherService.Test\WeatherService.Test.csproj", "{D931F13B-B96C-4D3D-B585-77C3D5832B9E}"
EndProject
Global
	GlobalSection(SolutionConfigurationPlatforms) = preSolution
		Debug|Any CPU = Debug|Any CPU
		Release|Any CPU = Release|Any CPU
	EndGlobalSection
	GlobalSection(ProjectConfigurationPlatforms) = postSolution
		{E226E9DA-62DC-4A9A-AC6F-81D587D5107B}.Debug|Any CPU.ActiveCfg = Debug|Any CPU
		{E226E9DA-62DC-4A9A-AC6F-81D587D5107B}.Debug|Any CPU.Build.0 = Debug|Any CPU
		{E226E9DA-62DC-4A9A-AC6F-81D587D5107B}.Release|Any CPU.ActiveCfg = Release|Any CPU
		{E226E9DA-62DC-4A9A-AC6F-81D587D5107B}.Release|Any CPU.Build.0 = Release|Any CPU
		{D931F13B-B96C-4D3D-B585-77C3D5832B9E}.Debug|Any CPU.ActiveCfg = Debug|Any CPU
		{D931F13B-B96C-4D3D-B585-77C3D5832B9E}.Debug|Any CPU.Build.0 = Debug|Any CPU
		{D931F13B-B96C-4D3D-B585-77C3D5832B9E}.Release|Any CPU.ActiveCfg = Release|Any CPU
		{D931F13B-B96C-4D3D-B585-77C3D5832B9E}.Release|Any CPU.Build.0 = Release|Any CPU
	EndGlobalSection
	GlobalSection(SolutionProperties) = preSolution
		HideSolutionNode = FALSE
	EndGlobalSection
	GlobalSection(ExtensibilityGlobals) = postSolution
		SolutionGuid = {DFB49D00-AA24-44E0-84D6-9B3133752E95}
	EndGlobalSection
EndGlobal
